
Microsoft Visual Studio Solution File, Format Version 12.00
# Visual Studio Version 17
VisualStudioVersion = 17.2.32602.215
MinimumVisualStudioVersion = 10.0.40219.1
Project("{FAE04EC0-301F-11D3-BF4B-00C04F79EFBC}") = "IdentityServer", "IdentityServer\IdentityServer.csproj", "{C6006E3E-EB71-4A58-8888-93B982596BDB}"
EndProject
Global
	GlobalSection(SolutionConfigurationPlatforms) = preSolution
		Debug|Any CPU = Debug|Any CPU
		Release|Any CPU = Release|Any CPU
	EndGlobalSection
	GlobalSection(ProjectConfigurationPlatforms) = postSolution
		{C6006E3E-EB71-4A58-8888-93B982596BDB}.Debug|Any CPU.ActiveCfg = Debug|Any CPU
		{C6006E3E-EB71-4A58-8888-93B982596BDB}.Debug|Any CPU.Build.0 = Debug|Any CPU
		{C6006E3E-EB71-4A58-8888-93B982596BDB}.Release|Any CPU.ActiveCfg = Release|Any CPU
		{C6006E3E-EB71-4A58-8888-93B982596BDB}.Release|Any CPU.Build.0 = Release|Any CPU
	EndGlobalSection
	GlobalSection(SolutionProperties) = preSolution
		HideSolutionNode = FALSE
	EndGlobalSection
	GlobalSection(ExtensibilityGlobals) = postSolution
		SolutionGuid = {42568190-7080-4B0F-9D62-E3711952B49B}
	EndGlobalSection
EndGlobal
